<?xml version="1.0" encoding="utf-8"?>
<Project ToolsVersion="4.0" xmlns="http://schemas.microsoft.com/developer/msbuild/2003">
  <ItemGroup>
    <Filter Include="Исходные файлы">
      <UniqueIdentifier>{4FC737F1-C7A5-4376-A066-2A32D752A2FF}</UniqueIdentifier>
      <Extensions>cpp;c;cc;cxx;c++;cppm;ixx;def;odl;idl;hpj;bat;asm;asmx</Extensions>
    </Filter>
    <Filter Include="Файлы заголовков">
      <UniqueIdentifier>{93995380-89BD-4b04-88EB-625FBE52EBFB}</UniqueIdentifier>
      <Extensions>h;hh;hpp;hxx;h++;hm;inl;inc;ipp;xsd</Extensions>
    </Filter>
    <Filter Include="Файлы ресурсов">
      <UniqueIdentifier>{67DA6AB6-F800-4c08-8B7A-83BB121AAD01}</UniqueIdentifier>
      <Extensions>rc;ico;cur;bmp;dlg;rc2;rct;bin;rgs;gif;jpg;jpeg;jpe;resx;tiff;tif;png;wav;mfcribbon-ms</Extensions>
    </Filter>
    <Filter Include="Файлы заголовков\Screen">
      <UniqueIdentifier>{6c60edc4-c187-4d61-b63e-9e3a2b947396}</UniqueIdentifier>
    </Filter>
    <Filter Include="Файлы заголовков\engine">
      <UniqueIdentifier>{2d294414-0027-4e2e-8f89-5513a5ffd12c}</UniqueIdentifier>
    </Filter>
    <Filter Include="Исходные файлы\engine">
      <UniqueIdentifier>{cb5546b7-1ff3-4f01-8b71-69882dcdfc8a}</UniqueIdentifier>
    </Filter>
    <Filter Include="Файлы заголовков\asset">
      <UniqueIdentifier>{de363888-ccd7-4e3e-bf08-ec6e972a854d}</UniqueIdentifier>
    </Filter>
    <Filter Include="Файлы заголовков\Utility">
      <UniqueIdentifier>{23f5ab9c-dd9f-48d2-8b80-f66ee40d9f6e}</UniqueIdentifier>
    </Filter>
    <Filter Include="Исходные файлы\Utility">
      <UniqueIdentifier>{21a84600-5b0e-42cc-abe2-4610d73ddce9}</UniqueIdentifier>
    </Filter>
    <Filter Include="Файлы заголовков\UI">
      <UniqueIdentifier>{d1dec6be-a419-420f-853e-dfe3e7d3a42d}</UniqueIdentifier>
    </Filter>
    <Filter Include="Исходные файлы\UI">
      <UniqueIdentifier>{106fa6c1-93b2-4ce8-ba2e-c739800c3726}</UniqueIdentifier>
    </Filter>
    <Filter Include="Исходные файлы\asset">
      <UniqueIdentifier>{e9985a87-42f7-4fe8-958b-b760a47661a6}</UniqueIdentifier>
    </Filter>
    <Filter Include="Файлы заголовков\imgui">
      <UniqueIdentifier>{e5a86658-10eb-41b4-bafb-ecb16d16d790}</UniqueIdentifier>
    </Filter>
    <Filter Include="Исходные файлы\imgui">
      <UniqueIdentifier>{f3d5bc68-09e3-4833-808c-0c2360ae8ba1}</UniqueIdentifier>
    </Filter>
    <Filter Include="Файлы заголовков\map">
      <UniqueIdentifier>{73f4a2b4-db41-46be-ab94-453018923057}</UniqueIdentifier>
    </Filter>
    <Filter Include="Исходные файлы\map">
      <UniqueIdentifier>{7791265f-107b-4fc5-805e-e3ea88a9c3d6}</UniqueIdentifier>
    </Filter>
    <Filter Include="Файлы заголовков\object">
      <UniqueIdentifier>{6aa21a21-9972-4fe3-a41c-feb415b5ccc1}</UniqueIdentifier>
    </Filter>
    <Filter Include="Исходные файлы\object">
      <UniqueIdentifier>{f656271b-1948-4781-917b-9dc2bb13a371}</UniqueIdentifier>
    </Filter>
    <Filter Include="Файлы заголовков\data">
      <UniqueIdentifier>{a9d7b1fd-0acc-479b-9e6f-de1393cd5005}</UniqueIdentifier>
    </Filter>
    <Filter Include="Исходные файлы\database">
      <UniqueIdentifier>{7558e1eb-6446-4602-9369-6d76c3f90ad6}</UniqueIdentifier>
    </Filter>
  </ItemGroup>
  <ItemGroup>
    <ClInclude Include="screen.h">
      <Filter>Файлы заголовков\Screen</Filter>
    </ClInclude>
    <ClInclude Include="screen_manager.h">
      <Filter>Файлы заголовков\Screen</Filter>
    </ClInclude>
    <ClInclude Include="disreality_engine.h">
      <Filter>Файлы заголовков\engine</Filter>
    </ClInclude>
    <ClInclude Include="game_state.h">
      <Filter>Файлы заголовков\engine</Filter>
    </ClInclude>
    <ClInclude Include="engine_data.h">
      <Filter>Файлы заголовков\engine</Filter>
    </ClInclude>
    <ClInclude Include="engine.h">
      <Filter>Файлы заголовков\engine</Filter>
    </ClInclude>
    <ClInclude Include="asset_manager.h">
      <Filter>Файлы заголовков\asset</Filter>
    </ClInclude>
    <ClInclude Include="ini_parser.h">
      <Filter>Файлы заголовков\Utility</Filter>
    </ClInclude>
    <ClInclude Include="button.h">
      <Filter>Файлы заголовков\UI</Filter>
    </ClInclude>
    <ClInclude Include="text_button.h">
      <Filter>Файлы заголовков\UI</Filter>
    </ClInclude>
    <ClInclude Include="image_button.h">
      <Filter>Файлы заголовков\UI</Filter>
    </ClInclude>
    <ClInclude Include="panel.h">
      <Filter>Файлы заголовков\UI</Filter>
    </ClInclude>
    <ClInclude Include="text_manager.h">
      <Filter>Файлы заголовков\asset</Filter>
    </ClInclude>
    <ClInclude Include="imgui\imconfig.h">
      <Filter>Файлы заголовков\imgui</Filter>
    </ClInclude>
    <ClInclude Include="imgui\imconfig-SFML.h">
      <Filter>Файлы заголовков\imgui</Filter>
    </ClInclude>
    <ClInclude Include="imgui\imgui.h">
      <Filter>Файлы заголовков\imgui</Filter>
    </ClInclude>
    <ClInclude Include="imgui\imgui_internal.h">
      <Filter>Файлы заголовков\imgui</Filter>
    </ClInclude>
    <ClInclude Include="imgui\imgui-SFML.h">
      <Filter>Файлы заголовков\imgui</Filter>
    </ClInclude>
    <ClInclude Include="imgui\imgui-SFML_export.h">
      <Filter>Файлы заголовков\imgui</Filter>
    </ClInclude>
    <ClInclude Include="imgui\imstb_rectpack.h">
      <Filter>Файлы заголовков\imgui</Filter>
    </ClInclude>
    <ClInclude Include="imgui\imstb_textedit.h">
      <Filter>Файлы заголовков\imgui</Filter>
    </ClInclude>
    <ClInclude Include="imgui\imstb_truetype.h">
      <Filter>Файлы заголовков\imgui</Filter>
    </ClInclude>
    <ClInclude Include="location.h">
      <Filter>Файлы заголовков\map</Filter>
    </ClInclude>
    <ClInclude Include="map_entry.h">
      <Filter>Файлы заголовков\map</Filter>
    </ClInclude>
    <ClInclude Include="map.h">
      <Filter>Файлы заголовков\map</Filter>
    </ClInclude>
    <ClInclude Include="level_object.h">
      <Filter>Файлы заголовков\object</Filter>
    </ClInclude>
    <ClInclude Include="static_object.h">
      <Filter>Файлы заголовков\object</Filter>
    </ClInclude>
    <ClInclude Include="database.h">
      <Filter>Файлы заголовков\data</Filter>
    </ClInclude>
  </ItemGroup>
  <ItemGroup>
    <ClCompile Include="game_state.cpp">
      <Filter>Исходные файлы\engine</Filter>
    </ClCompile>
    <ClCompile Include="handle_event.cpp">
      <Filter>Исходные файлы\engine</Filter>
    </ClCompile>
    <ClCompile Include="render.cpp">
      <Filter>Исходные файлы\engine</Filter>
    </ClCompile>
    <ClCompile Include="engine.cpp">
      <Filter>Исходные файлы\engine</Filter>
    </ClCompile>
    <ClCompile Include="ini_parser.cpp">
      <Filter>Исходные файлы\Utility</Filter>
    </ClCompile>
    <ClCompile Include="button.cpp">
      <Filter>Исходные файлы\UI</Filter>
    </ClCompile>
    <ClCompile Include="text_button.cpp">
      <Filter>Исходные файлы\UI</Filter>
    </ClCompile>
    <ClCompile Include="image_button.cpp">
      <Filter>Исходные файлы\UI</Filter>
    </ClCompile>
    <ClCompile Include="panel.cpp">
      <Filter>Исходные файлы\UI</Filter>
    </ClCompile>
    <ClCompile Include="handle_input.cpp">
      <Filter>Исходные файлы\engine</Filter>
    </ClCompile>
    <ClCompile Include="text_manager.cpp">
      <Filter>Исходные файлы\asset</Filter>
    </ClCompile>
    <ClCompile Include="imgui\imgui.cpp">
      <Filter>Исходные файлы\imgui</Filter>
    </ClCompile>
    <ClCompile Include="imgui\imgui_draw.cpp">
      <Filter>Исходные файлы\imgui</Filter>
    </ClCompile>
    <ClCompile Include="imgui\imgui_tables.cpp">
      <Filter>Исходные файлы\imgui</Filter>
    </ClCompile>
    <ClCompile Include="imgui\imgui_widgets.cpp">
      <Filter>Исходные файлы\imgui</Filter>
    </ClCompile>
    <ClCompile Include="imgui\imgui-SFML.cpp">
      <Filter>Исходные файлы\imgui</Filter>
    </ClCompile>
    <ClCompile Include="update.cpp">
      <Filter>Исходные файлы\engine</Filter>
    </ClCompile>
    <ClCompile Include="location.cpp">
      <Filter>Исходные файлы\map</Filter>
    </ClCompile>
    <ClCompile Include="map_entry.cpp">
      <Filter>Исходные файлы\map</Filter>
    </ClCompile>
    <ClCompile Include="map.cpp">
      <Filter>Исходные файлы\map</Filter>
    </ClCompile>
    <ClCompile Include="level_object.cpp">
      <Filter>Исходные файлы\object</Filter>
    </ClCompile>
    <ClCompile Include="static_object.cpp">
      <Filter>Исходные файлы\object</Filter>
    </ClCompile>
    <ClCompile Include="database.cpp">
      <Filter>Исходные файлы\database</Filter>
    </ClCompile>
  </ItemGroup>
</Project>