<?xml version="1.0" encoding="utf-8"?>
<Project ToolsVersion="4.0" xmlns="http://schemas.microsoft.com/developer/msbuild/2003">
  <ItemGroup>
    <Filter Include="Исходные файлы">
      <UniqueIdentifier>{4FC737F1-C7A5-4376-A066-2A32D752A2FF}</UniqueIdentifier>
      <Extensions>cpp;c;cc;cxx;c++;cppm;ixx;def;odl;idl;hpj;bat;asm;asmx</Extensions>
    </Filter>
    <Filter Include="Файлы заголовков">
      <UniqueIdentifier>{93995380-89BD-4b04-88EB-625FBE52EBFB}</UniqueIdentifier>
      <Extensions>h;hh;hpp;hxx;h++;hm;inl;inc;ipp;xsd</Extensions>
    </Filter>
    <Filter Include="Файлы ресурсов">
      <UniqueIdentifier>{67DA6AB6-F800-4c08-8B7A-83BB121AAD01}</UniqueIdentifier>
      <Extensions>rc;ico;cur;bmp;dlg;rc2;rct;bin;rgs;gif;jpg;jpeg;jpe;resx;tiff;tif;png;wav;mfcribbon-ms</Extensions>
    </Filter>
    <Filter Include="Файлы заголовков\Engine">
      <UniqueIdentifier>{528587af-b0b4-4279-bf60-7250d58ff97e}</UniqueIdentifier>
    </Filter>
    <Filter Include="Исходные файлы\Engine">
      <UniqueIdentifier>{5b532cc3-8c69-4f0e-af98-791755cdd4cf}</UniqueIdentifier>
    </Filter>
    <Filter Include="Файлы заголовков\Utility">
      <UniqueIdentifier>{eb9adfd9-90e1-41ee-949a-2afdf4bf9b87}</UniqueIdentifier>
    </Filter>
    <Filter Include="Исходные файлы\Utility">
      <UniqueIdentifier>{0913d40b-c971-4898-8b3a-5bfb576c309c}</UniqueIdentifier>
    </Filter>
    <Filter Include="Файлы заголовков\Manager">
      <UniqueIdentifier>{3107fd08-b788-4d3f-8996-f5c320b7328c}</UniqueIdentifier>
    </Filter>
    <Filter Include="Исходные файлы\Manager">
      <UniqueIdentifier>{98e78200-0872-4bb2-b696-8297b80284e8}</UniqueIdentifier>
    </Filter>
    <Filter Include="Файлы заголовков\UI">
      <UniqueIdentifier>{9b4eef1e-b7a0-469e-8db5-5d703c06744a}</UniqueIdentifier>
    </Filter>
    <Filter Include="Исходные файлы\UI">
      <UniqueIdentifier>{97cbd5d9-125d-41cf-9e2c-0aea8582e1b8}</UniqueIdentifier>
    </Filter>
    <Filter Include="Файлы заголовков\Map">
      <UniqueIdentifier>{bf74c8f5-21f4-4c6d-a0b9-76f6092cebf3}</UniqueIdentifier>
    </Filter>
    <Filter Include="Исходные файлы\Map">
      <UniqueIdentifier>{444fe9d9-3a39-4d46-83c2-2068b078b933}</UniqueIdentifier>
    </Filter>
    <Filter Include="Файлы заголовков\Object">
      <UniqueIdentifier>{2c0b4407-4812-4052-9faf-9490314cc212}</UniqueIdentifier>
    </Filter>
  </ItemGroup>
  <ItemGroup>
    <ClInclude Include="engine.h">
      <Filter>Файлы заголовков\Engine</Filter>
    </ClInclude>
    <ClInclude Include="screen.h">
      <Filter>Файлы заголовков\Engine</Filter>
    </ClInclude>
    <ClInclude Include="disreality_engine.h">
      <Filter>Файлы заголовков\Engine</Filter>
    </ClInclude>
    <ClInclude Include="ini_parser.h">
      <Filter>Файлы заголовков\Utility</Filter>
    </ClInclude>
    <ClInclude Include="engine_data.h">
      <Filter>Файлы заголовков\Engine</Filter>
    </ClInclude>
    <ClInclude Include="text_manager.h">
      <Filter>Файлы заголовков\Manager</Filter>
    </ClInclude>
    <ClInclude Include="asset_manager.h">
      <Filter>Файлы заголовков\Manager</Filter>
    </ClInclude>
    <ClInclude Include="button.h">
      <Filter>Файлы заголовков\UI</Filter>
    </ClInclude>
    <ClInclude Include="string_manager.h">
      <Filter>Файлы заголовков\Manager</Filter>
    </ClInclude>
    <ClInclude Include="text_button.h">
      <Filter>Файлы заголовков\UI</Filter>
    </ClInclude>
    <ClInclude Include="screen_manager.h">
      <Filter>Файлы заголовков\Manager</Filter>
    </ClInclude>
    <ClInclude Include="cursor_manager.h">
      <Filter>Файлы заголовков\Manager</Filter>
    </ClInclude>
    <ClInclude Include="imgui_helper.h">
      <Filter>Файлы заголовков\Utility</Filter>
    </ClInclude>
    <ClInclude Include="ui_helper.h">
      <Filter>Файлы заголовков\Utility</Filter>
    </ClInclude>
    <ClInclude Include="location.h">
      <Filter>Файлы заголовков\Map</Filter>
    </ClInclude>
    <ClInclude Include="map.h">
      <Filter>Файлы заголовков\Map</Filter>
    </ClInclude>
    <ClInclude Include="tile_database.h">
      <Filter>Файлы заголовков\Manager</Filter>
    </ClInclude>
    <ClInclude Include="map_manager.h">
      <Filter>Файлы заголовков\Map</Filter>
    </ClInclude>
    <ClInclude Include="level_object.h">
      <Filter>Файлы заголовков\Map</Filter>
    </ClInclude>
    <ClInclude Include="game_actor.h">
      <Filter>Файлы заголовков</Filter>
    </ClInclude>
  </ItemGroup>
  <ItemGroup>
    <ClCompile Include="engine.cpp">
      <Filter>Исходные файлы\Engine</Filter>
    </ClCompile>
    <ClCompile Include="screen_manager.cpp">
      <Filter>Исходные файлы\Engine</Filter>
    </ClCompile>
    <ClCompile Include="ini_parser.cpp">
      <Filter>Исходные файлы\Utility</Filter>
    </ClCompile>
    <ClCompile Include="string_manager.cpp">
      <Filter>Исходные файлы\Manager</Filter>
    </ClCompile>
    <ClCompile Include="text_manager.cpp">
      <Filter>Исходные файлы\Manager</Filter>
    </ClCompile>
    <ClCompile Include="button.cpp">
      <Filter>Исходные файлы\UI</Filter>
    </ClCompile>
    <ClCompile Include="text_button.cpp">
      <Filter>Исходные файлы\UI</Filter>
    </ClCompile>
    <ClCompile Include="process_events.cpp">
      <Filter>Исходные файлы\Engine</Filter>
    </ClCompile>
    <ClCompile Include="cursor_manager.cpp">
      <Filter>Исходные файлы\Manager</Filter>
    </ClCompile>
    <ClCompile Include="imgui_helper.cpp">
      <Filter>Исходные файлы\Utility</Filter>
    </ClCompile>
    <ClCompile Include="ui_helper.cpp">
      <Filter>Исходные файлы\Utility</Filter>
    </ClCompile>
    <ClCompile Include="map.cpp">
      <Filter>Исходные файлы\Map</Filter>
    </ClCompile>
    <ClCompile Include="map_manager.cpp">
      <Filter>Исходные файлы\Map</Filter>
    </ClCompile>
    <ClCompile Include="tile_database.cpp">
      <Filter>Исходные файлы\Manager</Filter>
    </ClCompile>
    <ClCompile Include="level_object.cpp">
      <Filter>Исходные файлы\Map</Filter>
    </ClCompile>
    <ClCompile Include="game_actor.cpp">
      <Filter>Исходные файлы</Filter>
    </ClCompile>
  </ItemGroup>
  <ItemGroup>
    <None Include="docs\engine.md">
      <Filter>Файлы ресурсов</Filter>
    </None>
    <None Include="docs\versions.md">
      <Filter>Файлы ресурсов</Filter>
    </None>
  </ItemGroup>
</Project>